
Microsoft Visual Studio Solution File, Format Version 12.00
# Visual Studio 14
VisualStudioVersion = 14.0.25420.1
MinimumVisualStudioVersion = 10.0.40219.1
Project("{8BB2217D-0F2D-49D1-97BC-3654ED321F3B}") = "PureSocketCluster", "src\PureSocketCluster\PureSocketCluster.xproj", "{F605D3BF-FB1E-4CC5-93B1-2B175C2A5401}"
EndProject
Project("{8BB2217D-0F2D-49D1-97BC-3654ED321F3B}") = "PureSocketClusterTest", "src\PureSocketClusterTest\PureSocketClusterTest.xproj", "{8D44DC14-CB1D-42E3-8AF9-3AF670BD0DD4}"
EndProject
Project("{2150E333-8FDC-42A3-9474-1A3956D46DE8}") = "Solution Items", "Solution Items", "{2F8BD1E5-A759-43EE-8767-3E1B571C9940}"
	ProjectSection(SolutionItems) = preProject
		global.json = global.json
	EndProjectSection
EndProject
Global
	GlobalSection(SolutionConfigurationPlatforms) = preSolution
		Debug|Any CPU = Debug|Any CPU
		Release|Any CPU = Release|Any CPU
	EndGlobalSection
	GlobalSection(ProjectConfigurationPlatforms) = postSolution
		{F605D3BF-FB1E-4CC5-93B1-2B175C2A5401}.Debug|Any CPU.ActiveCfg = Debug|Any CPU
		{F605D3BF-FB1E-4CC5-93B1-2B175C2A5401}.Debug|Any CPU.Build.0 = Debug|Any CPU
		{F605D3BF-FB1E-4CC5-93B1-2B175C2A5401}.Release|Any CPU.ActiveCfg = Release|Any CPU
		{F605D3BF-FB1E-4CC5-93B1-2B175C2A5401}.Release|Any CPU.Build.0 = Release|Any CPU
		{8D44DC14-CB1D-42E3-8AF9-3AF670BD0DD4}.Debug|Any CPU.ActiveCfg = Debug|Any CPU
		{8D44DC14-CB1D-42E3-8AF9-3AF670BD0DD4}.Debug|Any CPU.Build.0 = Debug|Any CPU
		{8D44DC14-CB1D-42E3-8AF9-3AF670BD0DD4}.Release|Any CPU.ActiveCfg = Release|Any CPU
		{8D44DC14-CB1D-42E3-8AF9-3AF670BD0DD4}.Release|Any CPU.Build.0 = Release|Any CPU
	EndGlobalSection
	GlobalSection(SolutionProperties) = preSolution
		HideSolutionNode = FALSE
	EndGlobalSection
EndGlobal
