
Microsoft Visual Studio Solution File, Format Version 12.00
# Visual Studio 15
VisualStudioVersion = 15.0.26430.15
MinimumVisualStudioVersion = 10.0.40219.1
Project("{2150E333-8FDC-42A3-9474-1A3956D46DE8}") = "Solution Items", "Solution Items", "{2F8BD1E5-A759-43EE-8767-3E1B571C9940}"
EndProject
Project("{9A19103F-16F7-4668-BE54-9A1E7A4F7556}") = "PureSocketCluster", "src\PureSocketCluster\PureSocketCluster.csproj", "{F605D3BF-FB1E-4CC5-93B1-2B175C2A5401}"
EndProject
Project("{9A19103F-16F7-4668-BE54-9A1E7A4F7556}") = "PureSocketClusterTest", "src\PureSocketClusterTest\PureSocketClusterTest.csproj", "{8D44DC14-CB1D-42E3-8AF9-3AF670BD0DD4}"
EndProject
Global
	GlobalSection(SolutionConfigurationPlatforms) = preSolution
		Debug|Any CPU = Debug|Any CPU
		Release|Any CPU = Release|Any CPU
	EndGlobalSection
	GlobalSection(ProjectConfigurationPlatforms) = postSolution
		{F605D3BF-FB1E-4CC5-93B1-2B175C2A5401}.Debug|Any CPU.ActiveCfg = Debug|Any CPU
		{F605D3BF-FB1E-4CC5-93B1-2B175C2A5401}.Debug|Any CPU.Build.0 = Debug|Any CPU
		{F605D3BF-FB1E-4CC5-93B1-2B175C2A5401}.Release|Any CPU.ActiveCfg = Release|Any CPU
		{F605D3BF-FB1E-4CC5-93B1-2B175C2A5401}.Release|Any CPU.Build.0 = Release|Any CPU
		{8D44DC14-CB1D-42E3-8AF9-3AF670BD0DD4}.Debug|Any CPU.ActiveCfg = Debug|Any CPU
		{8D44DC14-CB1D-42E3-8AF9-3AF670BD0DD4}.Debug|Any CPU.Build.0 = Debug|Any CPU
		{8D44DC14-CB1D-42E3-8AF9-3AF670BD0DD4}.Release|Any CPU.ActiveCfg = Release|Any CPU
		{8D44DC14-CB1D-42E3-8AF9-3AF670BD0DD4}.Release|Any CPU.Build.0 = Release|Any CPU
	EndGlobalSection
	GlobalSection(SolutionProperties) = preSolution
		HideSolutionNode = FALSE
	EndGlobalSection
EndGlobal
